
Microsoft Visual Studio Solution File, Format Version 12.00
# Visual Studio Version 17
VisualStudioVersion = 17.10.35027.167
MinimumVisualStudioVersion = 10.0.40219.1
Project("{FAE04EC0-301F-11D3-BF4B-00C04F79EFBC}") = "ToDoApp", "ToDoApp\ToDoApp.csproj", "{98590340-021E-411C-86BA-79823F951F8F}"
EndProject
Global
	GlobalSection(SolutionConfigurationPlatforms) = preSolution
		Debug|Any CPU = Debug|Any CPU
		Release|Any CPU = Release|Any CPU
	EndGlobalSection
	GlobalSection(ProjectConfigurationPlatforms) = postSolution
		{98590340-021E-411C-86BA-79823F951F8F}.Debug|Any CPU.ActiveCfg = Debug|Any CPU
		{98590340-021E-411C-86BA-79823F951F8F}.Debug|Any CPU.Build.0 = Debug|Any CPU
		{98590340-021E-411C-86BA-79823F951F8F}.Release|Any CPU.ActiveCfg = Release|Any CPU
		{98590340-021E-411C-86BA-79823F951F8F}.Release|Any CPU.Build.0 = Release|Any CPU
	EndGlobalSection
	GlobalSection(SolutionProperties) = preSolution
		HideSolutionNode = FALSE
	EndGlobalSection
	GlobalSection(ExtensibilityGlobals) = postSolution
		SolutionGuid = {EF440A7C-A3AC-48CD-851E-506FBA446AF9}
	EndGlobalSection
EndGlobal
